
Microsoft Visual Studio Solution File, Format Version 12.00
# Visual Studio 15
VisualStudioVersion = 15.0.28010.2016
MinimumVisualStudioVersion = 10.0.40219.1
Project("{FAE04EC0-301F-11D3-BF4B-00C04F79EFBC}") = "上课随机点名v1.0", "上课随机点名v1.0\上课随机点名v1.0.csproj", "{3D232411-FCEF-4911-B6F1-CAE3979F53CD}"
EndProject
Global
	GlobalSection(SolutionConfigurationPlatforms) = preSolution
		Debug|Any CPU = Debug|Any CPU
		Release|Any CPU = Release|Any CPU
	EndGlobalSection
	GlobalSection(ProjectConfigurationPlatforms) = postSolution
		{3D232411-FCEF-4911-B6F1-CAE3979F53CD}.Debug|Any CPU.ActiveCfg = Debug|Any CPU
		{3D232411-FCEF-4911-B6F1-CAE3979F53CD}.Debug|Any CPU.Build.0 = Debug|Any CPU
		{3D232411-FCEF-4911-B6F1-CAE3979F53CD}.Release|Any CPU.ActiveCfg = Release|Any CPU
		{3D232411-FCEF-4911-B6F1-CAE3979F53CD}.Release|Any CPU.Build.0 = Release|Any CPU
	EndGlobalSection
	GlobalSection(SolutionProperties) = preSolution
		HideSolutionNode = FALSE
	EndGlobalSection
	GlobalSection(ExtensibilityGlobals) = postSolution
		SolutionGuid = {844E8C88-3977-41F0-B045-1E052025C4F0}
	EndGlobalSection
EndGlobal
